# This file is autogenerated, do not edit; changes may be undone by the next 'dep ensure'.


[[projects]]
  digest = "1:8c023a3fb79138f4916c06015c7d2fd6edd4c88ea24c931bd273d1d0960328a1"
  name = "github.com/epiphyte/goutils"
  packages = ["."]
  pruneopts = "NUT"
  revision = "95bf0ec6303ebb72470ea74a734fb54f2b0865ad"
  version = "v1.3.0"

[[projects]]
  branch = "master"
  digest = "1:b51ebce3d21d5b443b37db83cb1063b1eedbe07a027a15077f266a686acfe6f4"
  name = "gitlab.com/golang-commonmark/html"
  packages = ["."]
  pruneopts = "NUT"
  revision = "cfaf75183c4a5f0e44e3d51ece1065accafdd2b3"

[[projects]]
  branch = "master"
  digest = "1:7f4a98b6bd64630e5f6f5155f9618b420f261c5fac7cfe723a5e73fb2cbd6a38"
  name = "gitlab.com/golang-commonmark/linkify"
  packages = ["."]
  pruneopts = "NUT"
  revision = "c22b7bdb117955ff2cc0e3724083d35e3419d71e"

[[projects]]
  branch = "master"
  digest = "1:b5f76f8f10ad7de3a15facbd84a23a9a2944abe863ca8d982ec65d8a98b7a217"
  name = "gitlab.com/golang-commonmark/markdown"
  packages = ["."]
  pruneopts = "NUT"
  revision = "246aecf104611b4ecb30fe0f1c2655bda38b7324"

[[projects]]
  branch = "master"
  digest = "1:bb94f2529aa5e161f322b9c83a2a8fdb4b814eb6843dbb89118f193635738a97"
  name = "gitlab.com/golang-commonmark/mdurl"
  packages = ["."]
  pruneopts = "NUT"
  revision = "e5bce34c34f29ecf232fec34f3982e55533ec14e"

[[projects]]
  branch = "master"
  digest = "1:df7ea3869c3d1fbd8008fdc9f7b21af5dd4361c8275b44c8de257d1ae88e273d"
  name = "gitlab.com/golang-commonmark/puny"
  packages = ["."]
  pruneopts = "NUT"
  revision = "2cd490539afe7c6fc0eda6c59ef88fa93a00ea0d"

[[projects]]
  digest = "1:58c4fc3cb4328c1e49cc954f1c06d92094ac4b9b0fbf80d20a7a63cc4bcfb716"
  name = "golang.org/x/text"
  packages = [
    "collate",
    "collate/build",
    "internal/colltab",
    "internal/gen",
    "internal/tag",
    "internal/triegen",
    "internal/ucd",
    "language",
    "transform",
    "unicode/cldr",
    "unicode/norm",
    "unicode/rangetable",
  ]
  pruneopts = "NUT"
  revision = "f21a4dfb5e38f5895301dc265a8def02365cc3d0"
  version = "v0.3.0"

[solve-meta]
  analyzer-name = "dep"
  analyzer-version = 1
  input-imports = [
    "github.com/epiphyte/goutils",
    "gitlab.com/golang-commonmark/markdown",
  ]
  solver-name = "gps-cdcl"
  solver-version = 1
