# This file is autogenerated, do not edit; changes may be undone by the next 'dep ensure'.


[[projects]]
  digest = "1:8c023a3fb79138f4916c06015c7d2fd6edd4c88ea24c931bd273d1d0960328a1"
  name = "github.com/epiphyte/goutils"
  packages = ["."]
  pruneopts = "NUT"
  revision = "95bf0ec6303ebb72470ea74a734fb54f2b0865ad"
  version = "v1.3.0"

[solve-meta]
  analyzer-name = "dep"
  analyzer-version = 1
  input-imports = ["github.com/epiphyte/goutils"]
  solver-name = "gps-cdcl"
  solver-version = 1
