# This file is autogenerated, do not edit; changes may be undone by the next 'dep ensure'.


[[projects]]
  name = "github.com/epiphyte/goutils"
  packages = ["."]
  revision = "73973174c98eabb6f864de7e4ca8e24aa19a333a"
  version = "v1.2.1"

[solve-meta]
  analyzer-name = "dep"
  analyzer-version = 1
  inputs-digest = "c7cf55ad7c3f80a123a7fb04f5f26f4a3f83a07a48cfa459ae2b146419274923"
  solver-name = "gps-cdcl"
  solver-version = 1
